// !$*UTF8*$!
{
	archiveVersion = 1;
	classes = {
	};
	objectVersion = 56;
	objects = {

/* Begin PBXBuildFile section */
		09922B0329DB57AA006D8029 /* EmojiArtApp.swift in Sources */ = {isa = PBXBuildFile; fileRef = 09922B0229DB57AA006D8029 /* EmojiArtApp.swift */; };
		09922B0529DB57AA006D8029 /* EmojiArtDocumentView.swift in Sources */ = {isa = PBXBuildFile; fileRef = 09922B0429DB57AA006D8029 /* EmojiArtDocumentView.swift */; };
		09922B0729DB57AB006D8029 /* Assets.xcassets in Resources */ = {isa = PBXBuildFile; fileRef = 09922B0629DB57AB006D8029 /* Assets.xcassets */; };
		09922B0A29DB57AB006D8029 /* Preview Assets.xcassets in Resources */ = {isa = PBXBuildFile; fileRef = 09922B0929DB57AB006D8029 /* Preview Assets.xcassets */; };
		09922B1129DB57C3006D8029 /* EmojiArtModel.swift in Sources */ = {isa = PBXBuildFile; fileRef = 09922B1029DB57C3006D8029 /* EmojiArtModel.swift */; };
		09922B1329DB5A2D006D8029 /* EmojiArtModel.Background.swift in Sources */ = {isa = PBXBuildFile; fileRef = 09922B1229DB5A2D006D8029 /* EmojiArtModel.Background.swift */; };
		0994E3AD29E73EDF008C09C2 /* EmojiArtDocument.swift in Sources */ = {isa = PBXBuildFile; fileRef = 0994E3AC29E73EDF008C09C2 /* EmojiArtDocument.swift */; };
		0994E3AF29E74228008C09C2 /* UtilityExtensions.swift in Sources */ = {isa = PBXBuildFile; fileRef = 0994E3AE29E74228008C09C2 /* UtilityExtensions.swift */; };
		0994E3B129E744B5008C09C2 /* UtilityViews.swift in Sources */ = {isa = PBXBuildFile; fileRef = 0994E3B029E744B5008C09C2 /* UtilityViews.swift */; };
		0994E3B329E8906C008C09C2 /* PaletteStore.swift in Sources */ = {isa = PBXBuildFile; fileRef = 0994E3B229E8906C008C09C2 /* PaletteStore.swift */; };
		0994E3B529ED7BF4008C09C2 /* PaletteChooser.swift in Sources */ = {isa = PBXBuildFile; fileRef = 0994E3B429ED7BF4008C09C2 /* PaletteChooser.swift */; };
		0994E3B729ED9263008C09C2 /* PaletteEditor.swift in Sources */ = {isa = PBXBuildFile; fileRef = 0994E3B629ED9263008C09C2 /* PaletteEditor.swift */; };
/* End PBXBuildFile section */

/* Begin PBXFileReference section */
		09922AFF29DB57AA006D8029 /* EmojiArt.app */ = {isa = PBXFileReference; explicitFileType = wrapper.application; includeInIndex = 0; path = EmojiArt.app; sourceTree = BUILT_PRODUCTS_DIR; };
		09922B0229DB57AA006D8029 /* EmojiArtApp.swift */ = {isa = PBXFileReference; lastKnownFileType = sourcecode.swift; path = EmojiArtApp.swift; sourceTree = "<group>"; };
		09922B0429DB57AA006D8029 /* EmojiArtDocumentView.swift */ = {isa = PBXFileReference; lastKnownFileType = sourcecode.swift; path = EmojiArtDocumentView.swift; sourceTree = "<group>"; };
		09922B0629DB57AB006D8029 /* Assets.xcassets */ = {isa = PBXFileReference; lastKnownFileType = folder.assetcatalog; path = Assets.xcassets; sourceTree = "<group>"; };
		09922B0929DB57AB006D8029 /* Preview Assets.xcassets */ = {isa = PBXFileReference; lastKnownFileType = folder.assetcatalog; path = "Preview Assets.xcassets"; sourceTree = "<group>"; };
		09922B1029DB57C3006D8029 /* EmojiArtModel.swift */ = {isa = PBXFileReference; lastKnownFileType = sourcecode.swift; path = EmojiArtModel.swift; sourceTree = "<group>"; };
		09922B1229DB5A2D006D8029 /* EmojiArtModel.Background.swift */ = {isa = PBXFileReference; lastKnownFileType = sourcecode.swift; path = EmojiArtModel.Background.swift; sourceTree = "<group>"; };
		0994E3AC29E73EDF008C09C2 /* EmojiArtDocument.swift */ = {isa = PBXFileReference; lastKnownFileType = sourcecode.swift; path = EmojiArtDocument.swift; sourceTree = "<group>"; };
		0994E3AE29E74228008C09C2 /* UtilityExtensions.swift */ = {isa = PBXFileReference; lastKnownFileType = sourcecode.swift; path = UtilityExtensions.swift; sourceTree = "<group>"; };
		0994E3B029E744B5008C09C2 /* UtilityViews.swift */ = {isa = PBXFileReference; lastKnownFileType = sourcecode.swift; path = UtilityViews.swift; sourceTree = "<group>"; };
		0994E3B229E8906C008C09C2 /* PaletteStore.swift */ = {isa = PBXFileReference; lastKnownFileType = sourcecode.swift; path = PaletteStore.swift; sourceTree = "<group>"; };
		0994E3B429ED7BF4008C09C2 /* PaletteChooser.swift */ = {isa = PBXFileReference; lastKnownFileType = sourcecode.swift; path = PaletteChooser.swift; sourceTree = "<group>"; };
		0994E3B629ED9263008C09C2 /* PaletteEditor.swift */ = {isa = PBXFileReference; lastKnownFileType = sourcecode.swift; path = PaletteEditor.swift; sourceTree = "<group>"; };
/* End PBXFileReference section */

/* Begin PBXFrameworksBuildPhase section */
		09922AFC29DB57AA006D8029 /* Frameworks */ = {
			isa = PBXFrameworksBuildPhase;
			buildActionMask = 2147483647;
			files = (
			);
			runOnlyForDeploymentPostprocessing = 0;
		};
/* End PBXFrameworksBuildPhase section */

/* Begin PBXGroup section */
		09922AF629DB57AA006D8029 = {
			isa = PBXGroup;
			children = (
				09922B0129DB57AA006D8029 /* EmojiArt */,
				09922B0029DB57AA006D8029 /* Products */,
			);
			sourceTree = "<group>";
		};
		09922B0029DB57AA006D8029 /* Products */ = {
			isa = PBXGroup;
			children = (
				09922AFF29DB57AA006D8029 /* EmojiArt.app */,
			);
			name = Products;
			sourceTree = "<group>";
		};
		09922B0129DB57AA006D8029 /* EmojiArt */ = {
			isa = PBXGroup;
			children = (
				09922B0229DB57AA006D8029 /* EmojiArtApp.swift */,
				09922B0429DB57AA006D8029 /* EmojiArtDocumentView.swift */,
				09922B1029DB57C3006D8029 /* EmojiArtModel.swift */,
				0994E3B229E8906C008C09C2 /* PaletteStore.swift */,
				0994E3B429ED7BF4008C09C2 /* PaletteChooser.swift */,
				0994E3B629ED9263008C09C2 /* PaletteEditor.swift */,
				0994E3AC29E73EDF008C09C2 /* EmojiArtDocument.swift */,
				0994E3AE29E74228008C09C2 /* UtilityExtensions.swift */,
				0994E3B029E744B5008C09C2 /* UtilityViews.swift */,
				09922B1229DB5A2D006D8029 /* EmojiArtModel.Background.swift */,
				09922B0629DB57AB006D8029 /* Assets.xcassets */,
				09922B0829DB57AB006D8029 /* Preview Content */,
			);
			path = EmojiArt;
			sourceTree = "<group>";
		};
		09922B0829DB57AB006D8029 /* Preview Content */ = {
			isa = PBXGroup;
			children = (
				09922B0929DB57AB006D8029 /* Preview Assets.xcassets */,
			);
			path = "Preview Content";
			sourceTree = "<group>";
		};
/* End PBXGroup section */

/* Begin PBXNativeTarget section */
		09922AFE29DB57AA006D8029 /* EmojiArt */ = {
			isa = PBXNativeTarget;
			buildConfigurationList = 09922B0D29DB57AB006D8029 /* Build configuration list for PBXNativeTarget "EmojiArt" */;
			buildPhases = (
				09922AFB29DB57AA006D8029 /* Sources */,
				09922AFC29DB57AA006D8029 /* Frameworks */,
				09922AFD29DB57AA006D8029 /* Resources */,
			);
			buildRules = (
			);
			dependencies = (
			);
			name = EmojiArt;
			productName = EmojiArt;
			productReference = 09922AFF29DB57AA006D8029 /* EmojiArt.app */;
			productType = "com.apple.product-type.application";
		};
/* End PBXNativeTarget section */

/* Begin PBXProject section */
		09922AF729DB57AA006D8029 /* Project object */ = {
			isa = PBXProject;
			attributes = {
				BuildIndependentTargetsInParallel = 1;
				LastSwiftUpdateCheck = 1430;
				LastUpgradeCheck = 1430;
				TargetAttributes = {
					09922AFE29DB57AA006D8029 = {
						CreatedOnToolsVersion = 14.3;
					};
				};
			};
			buildConfigurationList = 09922AFA29DB57AA006D8029 /* Build configuration list for PBXProject "EmojiArt" */;
			compatibilityVersion = "Xcode 14.0";
			developmentRegion = en;
			hasScannedForEncodings = 0;
			knownRegions = (
				en,
				Base,
			);
			mainGroup = 09922AF629DB57AA006D8029;
			productRefGroup = 09922B0029DB57AA006D8029 /* Products */;
			projectDirPath = "";
			projectRoot = "";
			targets = (
				09922AFE29DB57AA006D8029 /* EmojiArt */,
			);
		};
/* End PBXProject section */

/* Begin PBXResourcesBuildPhase section */
		09922AFD29DB57AA006D8029 /* Resources */ = {
			isa = PBXResourcesBuildPhase;
			buildActionMask = 2147483647;
			files = (
				09922B0A29DB57AB006D8029 /* Preview Assets.xcassets in Resources */,
				09922B0729DB57AB006D8029 /* Assets.xcassets in Resources */,
			);
			runOnlyForDeploymentPostprocessing = 0;
		};
/* End PBXResourcesBuildPhase section */

/* Begin PBXSourcesBuildPhase section */
		09922AFB29DB57AA006D8029 /* Sources */ = {
			isa = PBXSourcesBuildPhase;
			buildActionMask = 2147483647;
			files = (
				0994E3B129E744B5008C09C2 /* UtilityViews.swift in Sources */,
				0994E3B329E8906C008C09C2 /* PaletteStore.swift in Sources */,
				0994E3B729ED9263008C09C2 /* PaletteEditor.swift in Sources */,
				09922B0529DB57AA006D8029 /* EmojiArtDocumentView.swift in Sources */,
				09922B0329DB57AA006D8029 /* EmojiArtApp.swift in Sources */,
				0994E3AF29E74228008C09C2 /* UtilityExtensions.swift in Sources */,
				0994E3AD29E73EDF008C09C2 /* EmojiArtDocument.swift in Sources */,
				09922B1129DB57C3006D8029 /* EmojiArtModel.swift in Sources */,
				09922B1329DB5A2D006D8029 /* EmojiArtModel.Background.swift in Sources */,
				0994E3B529ED7BF4008C09C2 /* PaletteChooser.swift in Sources */,
			);
			runOnlyForDeploymentPostprocessing = 0;
		};
/* End PBXSourcesBuildPhase section */

/* Begin XCBuildConfiguration section */
		09922B0B29DB57AB006D8029 /* Debug */ = {
			isa = XCBuildConfiguration;
			buildSettings = {
				ALWAYS_SEARCH_USER_PATHS = NO;
				CLANG_ANALYZER_NONNULL = YES;
				CLANG_ANALYZER_NUMBER_OBJECT_CONVERSION = YES_AGGRESSIVE;
				CLANG_CXX_LANGUAGE_STANDARD = "gnu++20";
				CLANG_ENABLE_MODULES = YES;
				CLANG_ENABLE_OBJC_ARC = YES;
				CLANG_ENABLE_OBJC_WEAK = YES;
				CLANG_WARN_BLOCK_CAPTURE_AUTORELEASING = YES;
				CLANG_WARN_BOOL_CONVERSION = YES;
				CLANG_WARN_COMMA = YES;
				CLANG_WARN_CONSTANT_CONVERSION = YES;
				CLANG_WARN_DEPRECATED_OBJC_IMPLEMENTATIONS = YES;
				CLANG_WARN_DIRECT_OBJC_ISA_USAGE = YES_ERROR;
				CLANG_WARN_DOCUMENTATION_COMMENTS = YES;
				CLANG_WARN_EMPTY_BODY = YES;
				CLANG_WARN_ENUM_CONVERSION = YES;
				CLANG_WARN_INFINITE_RECURSION = YES;
				CLANG_WARN_INT_CONVERSION = YES;
				CLANG_WARN_NON_LITERAL_NULL_CONVERSION = YES;
				CLANG_WARN_OBJC_IMPLICIT_RETAIN_SELF = YES;
				CLANG_WARN_OBJC_LITERAL_CONVERSION = YES;
				CLANG_WARN_OBJC_ROOT_CLASS = YES_ERROR;
				CLANG_WARN_QUOTED_INCLUDE_IN_FRAMEWORK_HEADER = YES;
				CLANG_WARN_RANGE_LOOP_ANALYSIS = YES;
				CLANG_WARN_STRICT_PROTOTYPES = YES;
				CLANG_WARN_SUSPICIOUS_MOVE = YES;
				CLANG_WARN_UNGUARDED_AVAILABILITY = YES_AGGRESSIVE;
				CLANG_WARN_UNREACHABLE_CODE = YES;
				CLANG_WARN__DUPLICATE_METHOD_MATCH = YES;
				COPY_PHASE_STRIP = NO;
				DEBUG_INFORMATION_FORMAT = dwarf;
				ENABLE_STRICT_OBJC_MSGSEND = YES;
				ENABLE_TESTABILITY = YES;
				GCC_C_LANGUAGE_STANDARD = gnu11;
				GCC_DYNAMIC_NO_PIC = NO;
				GCC_NO_COMMON_BLOCKS = YES;
				GCC_OPTIMIZATION_LEVEL = 0;
				GCC_PREPROCESSOR_DEFINITIONS = (
					"DEBUG=1",
					"$(inherited)",
				);
				GCC_WARN_64_TO_32_BIT_CONVERSION = YES;
				GCC_WARN_ABOUT_RETURN_TYPE = YES_ERROR;
				GCC_WARN_UNDECLARED_SELECTOR = YES;
				GCC_WARN_UNINITIALIZED_AUTOS = YES_AGGRESSIVE;
				GCC_WARN_UNUSED_FUNCTION = YES;
				GCC_WARN_UNUSED_VARIABLE = YES;
				IPHONEOS_DEPLOYMENT_TARGET = 16.4;
				MTL_ENABLE_DEBUG_INFO = INCLUDE_SOURCE;
				MTL_FAST_MATH = YES;
				ONLY_ACTIVE_ARCH = YES;
				SDKROOT = iphoneos;
				SWIFT_ACTIVE_COMPILATION_CONDITIONS = DEBUG;
				SWIFT_OPTIMIZATION_LEVEL = "-Onone";
			};
			name = Debug;
		};
		09922B0C29DB57AB006D8029 /* Release */ = {
			isa = XCBuildConfiguration;
			buildSettings = {
				ALWAYS_SEARCH_USER_PATHS = NO;
				CLANG_ANALYZER_NONNULL = YES;
				CLANG_ANALYZER_NUMBER_OBJECT_CONVERSION = YES_AGGRESSIVE;
				CLANG_CXX_LANGUAGE_STANDARD = "gnu++20";
				CLANG_ENABLE_MODULES = YES;
				CLANG_ENABLE_OBJC_ARC = YES;
				CLANG_ENABLE_OBJC_WEAK = YES;
				CLANG_WARN_BLOCK_CAPTURE_AUTORELEASING = YES;
				CLANG_WARN_BOOL_CONVERSION = YES;
				CLANG_WARN_COMMA = YES;
				CLANG_WARN_CONSTANT_CONVERSION = YES;
				CLANG_WARN_DEPRECATED_OBJC_IMPLEMENTATIONS = YES;
				CLANG_WARN_DIRECT_OBJC_ISA_USAGE = YES_ERROR;
				CLANG_WARN_DOCUMENTATION_COMMENTS = YES;
				CLANG_WARN_EMPTY_BODY = YES;
				CLANG_WARN_ENUM_CONVERSION = YES;
				CLANG_WARN_INFINITE_RECURSION = YES;
				CLANG_WARN_INT_CONVERSION = YES;
				CLANG_WARN_NON_LITERAL_NULL_CONVERSION = YES;
				CLANG_WARN_OBJC_IMPLICIT_RETAIN_SELF = YES;
				CLANG_WARN_OBJC_LITERAL_CONVERSION = YES;
				CLANG_WARN_OBJC_ROOT_CLASS = YES_ERROR;
				CLANG_WARN_QUOTED_INCLUDE_IN_FRAMEWORK_HEADER = YES;
				CLANG_WARN_RANGE_LOOP_ANALYSIS = YES;
				CLANG_WARN_STRICT_PROTOTYPES = YES;
				CLANG_WARN_SUSPICIOUS_MOVE = YES;
				CLANG_WARN_UNGUARDED_AVAILABILITY = YES_AGGRESSIVE;
				CLANG_WARN_UNREACHABLE_CODE = YES;
				CLANG_WARN__DUPLICATE_METHOD_MATCH = YES;
				COPY_PHASE_STRIP = NO;
				DEBUG_INFORMATION_FORMAT = "dwarf-with-dsym";
				ENABLE_NS_ASSERTIONS = NO;
				ENABLE_STRICT_OBJC_MSGSEND = YES;
				GCC_C_LANGUAGE_STANDARD = gnu11;
				GCC_NO_COMMON_BLOCKS = YES;
				GCC_WARN_64_TO_32_BIT_CONVERSION = YES;
				GCC_WARN_ABOUT_RETURN_TYPE = YES_ERROR;
				GCC_WARN_UNDECLARED_SELECTOR = YES;
				GCC_WARN_UNINITIALIZED_AUTOS = YES_AGGRESSIVE;
				GCC_WARN_UNUSED_FUNCTION = YES;
				GCC_WARN_UNUSED_VARIABLE = YES;
				IPHONEOS_DEPLOYMENT_TARGET = 16.4;
				MTL_ENABLE_DEBUG_INFO = NO;
				MTL_FAST_MATH = YES;
				SDKROOT = iphoneos;
				SWIFT_COMPILATION_MODE = wholemodule;
				SWIFT_OPTIMIZATION_LEVEL = "-O";
				VALIDATE_PRODUCT = YES;
			};
			name = Release;
		};
		09922B0E29DB57AB006D8029 /* Debug */ = {
			isa = XCBuildConfiguration;
			buildSettings = {
				ASSETCATALOG_COMPILER_APPICON_NAME = AppIcon;
				ASSETCATALOG_COMPILER_GLOBAL_ACCENT_COLOR_NAME = AccentColor;
				CODE_SIGN_STYLE = Automatic;
				CURRENT_PROJECT_VERSION = 1;
				DEVELOPMENT_ASSET_PATHS = "\"EmojiArt/Preview Content\"";
				DEVELOPMENT_TEAM = 3R8N8F6TJF;
				ENABLE_PREVIEWS = YES;
				GENERATE_INFOPLIST_FILE = YES;
				INFOPLIST_KEY_UIApplicationSceneManifest_Generation = YES;
				INFOPLIST_KEY_UIApplicationSupportsIndirectInputEvents = YES;
				INFOPLIST_KEY_UILaunchScreen_Generation = YES;
				INFOPLIST_KEY_UISupportedInterfaceOrientations_iPad = "UIInterfaceOrientationPortrait UIInterfaceOrientationPortraitUpsideDown UIInterfaceOrientationLandscapeLeft UIInterfaceOrientationLandscapeRight";
				INFOPLIST_KEY_UISupportedInterfaceOrientations_iPhone = "UIInterfaceOrientationPortrait UIInterfaceOrientationLandscapeLeft UIInterfaceOrientationLandscapeRight";
				LD_RUNPATH_SEARCH_PATHS = (
					"$(inherited)",
					"@executable_path/Frameworks",
				);
				MARKETING_VERSION = 1.0;
				PRODUCT_BUNDLE_IDENTIFIER = com.jessicabigal.EmojiArt;
				PRODUCT_NAME = "$(TARGET_NAME)";
				SWIFT_EMIT_LOC_STRINGS = YES;
				SWIFT_VERSION = 5.0;
				TARGETED_DEVICE_FAMILY = "1,2";
			};
			name = Debug;
		};
		09922B0F29DB57AB006D8029 /* Release */ = {
			isa = XCBuildConfiguration;
			buildSettings = {
				ASSETCATALOG_COMPILER_APPICON_NAME = AppIcon;
				ASSETCATALOG_COMPILER_GLOBAL_ACCENT_COLOR_NAME = AccentColor;
				CODE_SIGN_STYLE = Automatic;
				CURRENT_PROJECT_VERSION = 1;
				DEVELOPMENT_ASSET_PATHS = "\"EmojiArt/Preview Content\"";
				DEVELOPMENT_TEAM = 3R8N8F6TJF;
				ENABLE_PREVIEWS = YES;
				GENERATE_INFOPLIST_FILE = YES;
				INFOPLIST_KEY_UIApplicationSceneManifest_Generation = YES;
				INFOPLIST_KEY_UIApplicationSupportsIndirectInputEvents = YES;
				INFOPLIST_KEY_UILaunchScreen_Generation = YES;
				INFOPLIST_KEY_UISupportedInterfaceOrientations_iPad = "UIInterfaceOrientationPortrait UIInterfaceOrientationPortraitUpsideDown UIInterfaceOrientationLandscapeLeft UIInterfaceOrientationLandscapeRight";
				INFOPLIST_KEY_UISupportedInterfaceOrientations_iPhone = "UIInterfaceOrientationPortrait UIInterfaceOrientationLandscapeLeft UIInterfaceOrientationLandscapeRight";
				LD_RUNPATH_SEARCH_PATHS = (
					"$(inherited)",
					"@executable_path/Frameworks",
				);
				MARKETING_VERSION = 1.0;
				PRODUCT_BUNDLE_IDENTIFIER = com.jessicabigal.EmojiArt;
				PRODUCT_NAME = "$(TARGET_NAME)";
				SWIFT_EMIT_LOC_STRINGS = YES;
				SWIFT_VERSION = 5.0;
				TARGETED_DEVICE_FAMILY = "1,2";
			};
			name = Release;
		};
/* End XCBuildConfiguration section */

/* Begin XCConfigurationList section */
		09922AFA29DB57AA006D8029 /* Build configuration list for PBXProject "EmojiArt" */ = {
			isa = XCConfigurationList;
			buildConfigurations = (
				09922B0B29DB57AB006D8029 /* Debug */,
				09922B0C29DB57AB006D8029 /* Release */,
			);
			defaultConfigurationIsVisible = 0;
			defaultConfigurationName = Release;
		};
		09922B0D29DB57AB006D8029 /* Build configuration list for PBXNativeTarget "EmojiArt" */ = {
			isa = XCConfigurationList;
			buildConfigurations = (
				09922B0E29DB57AB006D8029 /* Debug */,
				09922B0F29DB57AB006D8029 /* Release */,
			);
			defaultConfigurationIsVisible = 0;
			defaultConfigurationName = Release;
		};
/* End XCConfigurationList section */
	};
	rootObject = 09922AF729DB57AA006D8029 /* Project object */;
}
